github.com/miyingqi/Fast-Go v1.0.0 h1:vw0V1QYgJYHwykUhFyMC+GkAbXG3BdfflibNSOe1Y58=
github.com/miyingqi/Fast-Go v1.0.0/go.mod h1:p1NTNW8dmpjItzloQwCX0LVOiNHaUVXiShSbXfCMY1k=
github.com/miyingqi/Fast-Go v1.0.0 h1:vw0V1QYgJYHwykUhFyMC+GkAbXG3BdfflibNSOe1Y58=
github.com/miyingqi/Fast-Go v1.0.0/go.mod h1:p1NTNW8dmpjItzloQwCX0LVOiNHaUVXiShSbXfCMY1k=
